{
  "name": "discogs_scraper",
  "version": "1.0.0",
  "lockfileVersion": 1,
  "requires": true,
  "dependencies": {
    "disconnect": {
      "version": "1.2.1",
      "resolved": "https://registry.npmjs.org/disconnect/-/disconnect-1.2.1.tgz",
      "integrity": "sha1-/nVTj2TTjoIaRrAb/e5enCPEus4=",
      "requires": {
        "oauth-1.0a": "2.x.x"
      }
    },
    "jsonexport": {
      "version": "2.4.1",
      "resolved": "https://registry.npmjs.org/jsonexport/-/jsonexport-2.4.1.tgz",
      "integrity": "sha512-8O+yka4X6KxVMJDnzQh7NaoqgNX96gMbX7jb2JMb3CfxXfEvPpRpYyb+2/HpKjxR7Abr7zlvqxV4/cpqmExPSw=="
    },
    "oauth-1.0a": {
      "version": "2.2.5",
      "resolved": "https://registry.npmjs.org/oauth-1.0a/-/oauth-1.0a-2.2.5.tgz",
      "integrity": "sha512-7Y4Gs+2dPOjrlJDzEPdpuH46gzgYeVF7CKOOQNpWKz1nlbWn2rqKSt3oF0By6KxudbOQATEUY74SphuTN0grPg=="
    }
  }
}
